
Microsoft Visual Studio Solution File, Format Version 12.00
# Visual Studio Version 17
VisualStudioVersion = 17.3.32901.215
MinimumVisualStudioVersion = 10.0.40219.1
Project("{FAE04EC0-301F-11D3-BF4B-00C04F79EFBC}") = "db-videogames", "db-videogames.csproj", "{91F93FF9-DD78-4686-A25A-964214EB5C7B}"
EndProject
Global
	GlobalSection(SolutionConfigurationPlatforms) = preSolution
		Debug|Any CPU = Debug|Any CPU
		Release|Any CPU = Release|Any CPU
	EndGlobalSection
	GlobalSection(ProjectConfigurationPlatforms) = postSolution
		{91F93FF9-DD78-4686-A25A-964214EB5C7B}.Debug|Any CPU.ActiveCfg = Debug|Any CPU
		{91F93FF9-DD78-4686-A25A-964214EB5C7B}.Debug|Any CPU.Build.0 = Debug|Any CPU
		{91F93FF9-DD78-4686-A25A-964214EB5C7B}.Release|Any CPU.ActiveCfg = Release|Any CPU
		{91F93FF9-DD78-4686-A25A-964214EB5C7B}.Release|Any CPU.Build.0 = Release|Any CPU
	EndGlobalSection
	GlobalSection(SolutionProperties) = preSolution
		HideSolutionNode = FALSE
	EndGlobalSection
	GlobalSection(ExtensibilityGlobals) = postSolution
		SolutionGuid = {6AEC6E33-CD42-471B-B21E-12A7F7033EE5}
	EndGlobalSection
EndGlobal
